
Microsoft Visual Studio Solution File, Format Version 12.00
# Visual Studio Version 17
VisualStudioVersion = 17.14.36327.8
MinimumVisualStudioVersion = 10.0.40219.1
Project("{FAE04EC0-301F-11D3-BF4B-00C04F79EFBC}") = "Clase1", "Clase001\Clase1.csproj", "{58CD35C1-CDE1-4DE3-B5E9-48337B679D4B}"
EndProject
Project("{FAE04EC0-301F-11D3-BF4B-00C04F79EFBC}") = "Utilidades", "Utilidades\Utilidades.csproj", "{CB57664C-1403-46CB-8D2E-07290F62417B}"
EndProject
Project("{FAE04EC0-301F-11D3-BF4B-00C04F79EFBC}") = "Clase2", "Clase002\Clase2.csproj", "{C81AA121-F8B7-4A5A-B3A3-81E3CA55A545}"
EndProject
Project("{FAE04EC0-301F-11D3-BF4B-00C04F79EFBC}") = "Clase3", "Clase003\Clase3.csproj", "{74FFF9E9-D5CC-4016-92E1-D465946D076D}"
EndProject
Project("{FAE04EC0-301F-11D3-BF4B-00C04F79EFBC}") = "Geometria", "Geometria\Geometria.csproj", "{DE20685B-267D-4CBA-B9C6-A9049455E70A}"
EndProject
Project("{FAE04EC0-301F-11D3-BF4B-00C04F79EFBC}") = "Clase4", "Clase004\Clase4.csproj", "{F9185D31-A0F0-4B11-B916-EB285E0D00A1}"
EndProject
Project("{FAE04EC0-301F-11D3-BF4B-00C04F79EFBC}") = "Billetes", "Billetes\Billetes.csproj", "{6CE2ED21-392D-496E-80EA-406E97FEB363}"
EndProject
Project("{FAE04EC0-301F-11D3-BF4B-00C04F79EFBC}") = "Clase5WinForms", "Clase5WinForms\Clase5WinForms.csproj", "{C9FB8F2C-BD6D-4771-A020-27ACCE08E471}"
EndProject
Project("{FAE04EC0-301F-11D3-BF4B-00C04F79EFBC}") = "WinFormCRUD", "CRUD\WinFormCRUD.csproj", "{B7D16DD8-86FC-422C-9CB7-2663C2CFF9C3}"
EndProject
Project("{FAE04EC0-301F-11D3-BF4B-00C04F79EFBC}") = "Entidades", "Entidades\Entidades.csproj", "{C6120E8E-5CCB-469F-B0F4-5A2360FEB214}"
EndProject
Project("{FAE04EC0-301F-11D3-BF4B-00C04F79EFBC}") = "Clase6Colecciones", "Clase6Colecciones\Clase6Colecciones.csproj", "{ED4116C1-9950-4E70-8F9C-AF67C49579D2}"
EndProject
Project("{FAE04EC0-301F-11D3-BF4B-00C04F79EFBC}") = "Clase6WinForms", "ColecionesWinForms\Clase6WinForms.csproj", "{5255766A-1B20-43CF-9DFE-99A945EFB947}"
EndProject
Project("{FAE04EC0-301F-11D3-BF4B-00C04F79EFBC}") = "Vista", "..\..\..\Downloads\Nueva carpeta\I02_Cartelera\Vista\Vista.csproj", "{8B8D92D2-3C6F-351C-5067-5E9EB8CA81FC}"
EndProject
Project("{FAE04EC0-301F-11D3-BF4B-00C04F79EFBC}") = "Clase7Archivos", "Clase7Archivos\Clase7Archivos.csproj", "{D6FE4628-FB34-4BCF-AA4E-F0666A2F58A2}"
EndProject
Project("{FAE04EC0-301F-11D3-BF4B-00C04F79EFBC}") = "Utilidades{8", "Utilidades{8\Utilidades{8.csproj", "{81BA4116-C2FB-4195-8051-0BFC50F0F521}"
EndProject
Project("{FAE04EC0-301F-11D3-BF4B-00C04F79EFBC}") = "Clase8Encapsulamiento", "Clase8Encapsulamiento\Clase8Encapsulamiento.csproj", "{1371E024-BBB5-42A9-9487-0AB94DA34D50}"
EndProject
Project("{FAE04EC0-301F-11D3-BF4B-00C04F79EFBC}") = "Clase9Herencia", "Clase9Herencia\Clase9Herencia.csproj", "{1F3160F6-306A-43D6-94EC-199775733636}"
EndProject
Project("{FAE04EC0-301F-11D3-BF4B-00C04F79EFBC}") = "CentralTelefonica", "CentralTelefonica\CentralTelefonica.csproj", "{6DB467A6-792E-4DD8-B1E2-861608D48085}"
EndProject
Project("{FAE04EC0-301F-11D3-BF4B-00C04F79EFBC}") = "TestCentralita", "TestCentralita\TestCentralita.csproj", "{B58D34D5-9DCB-4F35-B0EB-E6A5E3F25E19}"
EndProject
Project("{FAE04EC0-301F-11D3-BF4B-00C04F79EFBC}") = "AvengerMarvel", "Avenger\AvengerMarvel.csproj", "{6E83C90A-4CDC-47B6-8A86-F94E15595713}"
EndProject
Project("{FAE04EC0-301F-11D3-BF4B-00C04F79EFBC}") = "Marvel-Avengers", "Marvel-Avengers\Marvel-Avengers.csproj", "{D973835E-D459-4E57-990A-026996A33877}"
EndProject
Project("{FAE04EC0-301F-11D3-BF4B-00C04F79EFBC}") = "Clase10Polimorfismo", "Clase10Polimorfismo\Clase10Polimorfismo.csproj", "{610BBCA9-4100-44AE-B0F0-A2C91E60517A}"
EndProject
Project("{FAE04EC0-301F-11D3-BF4B-00C04F79EFBC}") = "Centralita", "Centralita\Centralita.csproj", "{3F5150EC-4508-4C56-BA50-7015E90216E7}"
EndProject
Project("{FAE04EC0-301F-11D3-BF4B-00C04F79EFBC}") = "Entities", "Models\Entities.csproj", "{9C98772B-0B80-41A0-90D0-F0E07AAC3BB7}"
EndProject
Project("{FAE04EC0-301F-11D3-BF4B-00C04F79EFBC}") = "TesterUser", "TesterUser\TesterUser.csproj", "{42864903-0DC8-4344-9ED9-6820434D0F02}"
EndProject
Project("{2150E333-8FDC-42A3-9474-1A3956D46DE8}") = "Forms", "Forms", "{02EA681E-C7D8-13C7-8484-4AC65E1B71E8}"
EndProject
Project("{2150E333-8FDC-42A3-9474-1A3956D46DE8}") = "Models", "Models", "{BE0095A0-CDEF-43EC-9ABE-A3847EA4C701}"
EndProject
Project("{2150E333-8FDC-42A3-9474-1A3956D46DE8}") = "Services", "Services", "{7971A750-9E32-4939-8CB4-4A97F8F22EF3}"
EndProject
Project("{FAE04EC0-301F-11D3-BF4B-00C04F79EFBC}") = "Service", "Services\Service.csproj", "{D24B3E67-5C57-4051-B544-2E1A9EEA752D}"
EndProject
Project("{FAE04EC0-301F-11D3-BF4B-00C04F79EFBC}") = "PlayerStats", "PlayerStats\PlayerStats.csproj", "{B3AA95C6-5716-4DE8-B96D-B220EDA103C6}"
EndProject
Project("{2150E333-8FDC-42A3-9474-1A3956D46DE8}") = "PrimerParcial", "PrimerParcial", "{CFA3CF18-1A88-4078-A240-2BCC44C538B5}"
EndProject
Project("{FAE04EC0-301F-11D3-BF4B-00C04F79EFBC}") = "Clase11Exepciones", "Clase11Exepciones\Clase11Exepciones.csproj", "{66295459-FD79-461F-A285-AC43A801F456}"
EndProject
Project("{FAE04EC0-301F-11D3-BF4B-00C04F79EFBC}") = "FrmEj2", "FrmEj2\FrmEj2.csproj", "{7250A28F-C3D0-4BCA-91AE-9860EC0C1E16}"
EndProject
Project("{2150E333-8FDC-42A3-9474-1A3956D46DE8}") = "Ejercicio2", "Ejercicio2", "{8C256290-0398-4BCC-B77A-38EA9AD88B4B}"
EndProject
Project("{2150E333-8FDC-42A3-9474-1A3956D46DE8}") = "Ejercicios", "Ejercicios", "{D09FC3F1-D2E9-463C-A75C-F3D738B5B0B0}"
EndProject
Project("{FAE04EC0-301F-11D3-BF4B-00C04F79EFBC}") = "Exceptions", "Exceptions\Exceptions.csproj", "{06AA5820-2AD3-4471-A17C-9872397FF687}"
EndProject
Global
	GlobalSection(SolutionConfigurationPlatforms) = preSolution
		Debug|Any CPU = Debug|Any CPU
		Release|Any CPU = Release|Any CPU
	EndGlobalSection
	GlobalSection(ProjectConfigurationPlatforms) = postSolution
		{58CD35C1-CDE1-4DE3-B5E9-48337B679D4B}.Debug|Any CPU.ActiveCfg = Debug|Any CPU
		{58CD35C1-CDE1-4DE3-B5E9-48337B679D4B}.Debug|Any CPU.Build.0 = Debug|Any CPU
		{58CD35C1-CDE1-4DE3-B5E9-48337B679D4B}.Release|Any CPU.ActiveCfg = Release|Any CPU
		{58CD35C1-CDE1-4DE3-B5E9-48337B679D4B}.Release|Any CPU.Build.0 = Release|Any CPU
		{CB57664C-1403-46CB-8D2E-07290F62417B}.Debug|Any CPU.ActiveCfg = Debug|Any CPU
		{CB57664C-1403-46CB-8D2E-07290F62417B}.Debug|Any CPU.Build.0 = Debug|Any CPU
		{CB57664C-1403-46CB-8D2E-07290F62417B}.Release|Any CPU.ActiveCfg = Release|Any CPU
		{CB57664C-1403-46CB-8D2E-07290F62417B}.Release|Any CPU.Build.0 = Release|Any CPU
		{C81AA121-F8B7-4A5A-B3A3-81E3CA55A545}.Debug|Any CPU.ActiveCfg = Debug|Any CPU
		{C81AA121-F8B7-4A5A-B3A3-81E3CA55A545}.Debug|Any CPU.Build.0 = Debug|Any CPU
		{C81AA121-F8B7-4A5A-B3A3-81E3CA55A545}.Release|Any CPU.ActiveCfg = Release|Any CPU
		{C81AA121-F8B7-4A5A-B3A3-81E3CA55A545}.Release|Any CPU.Build.0 = Release|Any CPU
		{74FFF9E9-D5CC-4016-92E1-D465946D076D}.Debug|Any CPU.ActiveCfg = Debug|Any CPU
		{74FFF9E9-D5CC-4016-92E1-D465946D076D}.Debug|Any CPU.Build.0 = Debug|Any CPU
		{74FFF9E9-D5CC-4016-92E1-D465946D076D}.Release|Any CPU.ActiveCfg = Release|Any CPU
		{74FFF9E9-D5CC-4016-92E1-D465946D076D}.Release|Any CPU.Build.0 = Release|Any CPU
		{DE20685B-267D-4CBA-B9C6-A9049455E70A}.Debug|Any CPU.ActiveCfg = Debug|Any CPU
		{DE20685B-267D-4CBA-B9C6-A9049455E70A}.Debug|Any CPU.Build.0 = Debug|Any CPU
		{DE20685B-267D-4CBA-B9C6-A9049455E70A}.Release|Any CPU.ActiveCfg = Release|Any CPU
		{DE20685B-267D-4CBA-B9C6-A9049455E70A}.Release|Any CPU.Build.0 = Release|Any CPU
		{F9185D31-A0F0-4B11-B916-EB285E0D00A1}.Debug|Any CPU.ActiveCfg = Debug|Any CPU
		{F9185D31-A0F0-4B11-B916-EB285E0D00A1}.Debug|Any CPU.Build.0 = Debug|Any CPU
		{F9185D31-A0F0-4B11-B916-EB285E0D00A1}.Release|Any CPU.ActiveCfg = Release|Any CPU
		{F9185D31-A0F0-4B11-B916-EB285E0D00A1}.Release|Any CPU.Build.0 = Release|Any CPU
		{6CE2ED21-392D-496E-80EA-406E97FEB363}.Debug|Any CPU.ActiveCfg = Debug|Any CPU
		{6CE2ED21-392D-496E-80EA-406E97FEB363}.Debug|Any CPU.Build.0 = Debug|Any CPU
		{6CE2ED21-392D-496E-80EA-406E97FEB363}.Release|Any CPU.ActiveCfg = Release|Any CPU
		{6CE2ED21-392D-496E-80EA-406E97FEB363}.Release|Any CPU.Build.0 = Release|Any CPU
		{C9FB8F2C-BD6D-4771-A020-27ACCE08E471}.Debug|Any CPU.ActiveCfg = Debug|Any CPU
		{C9FB8F2C-BD6D-4771-A020-27ACCE08E471}.Debug|Any CPU.Build.0 = Debug|Any CPU
		{C9FB8F2C-BD6D-4771-A020-27ACCE08E471}.Release|Any CPU.ActiveCfg = Release|Any CPU
		{C9FB8F2C-BD6D-4771-A020-27ACCE08E471}.Release|Any CPU.Build.0 = Release|Any CPU
		{B7D16DD8-86FC-422C-9CB7-2663C2CFF9C3}.Debug|Any CPU.ActiveCfg = Debug|Any CPU
		{B7D16DD8-86FC-422C-9CB7-2663C2CFF9C3}.Debug|Any CPU.Build.0 = Debug|Any CPU
		{B7D16DD8-86FC-422C-9CB7-2663C2CFF9C3}.Release|Any CPU.ActiveCfg = Release|Any CPU
		{B7D16DD8-86FC-422C-9CB7-2663C2CFF9C3}.Release|Any CPU.Build.0 = Release|Any CPU
		{C6120E8E-5CCB-469F-B0F4-5A2360FEB214}.Debug|Any CPU.ActiveCfg = Debug|Any CPU
		{C6120E8E-5CCB-469F-B0F4-5A2360FEB214}.Debug|Any CPU.Build.0 = Debug|Any CPU
		{C6120E8E-5CCB-469F-B0F4-5A2360FEB214}.Release|Any CPU.ActiveCfg = Release|Any CPU
		{C6120E8E-5CCB-469F-B0F4-5A2360FEB214}.Release|Any CPU.Build.0 = Release|Any CPU
		{ED4116C1-9950-4E70-8F9C-AF67C49579D2}.Debug|Any CPU.ActiveCfg = Debug|Any CPU
		{ED4116C1-9950-4E70-8F9C-AF67C49579D2}.Debug|Any CPU.Build.0 = Debug|Any CPU
		{ED4116C1-9950-4E70-8F9C-AF67C49579D2}.Release|Any CPU.ActiveCfg = Release|Any CPU
		{ED4116C1-9950-4E70-8F9C-AF67C49579D2}.Release|Any CPU.Build.0 = Release|Any CPU
		{5255766A-1B20-43CF-9DFE-99A945EFB947}.Debug|Any CPU.ActiveCfg = Debug|Any CPU
		{5255766A-1B20-43CF-9DFE-99A945EFB947}.Debug|Any CPU.Build.0 = Debug|Any CPU
		{5255766A-1B20-43CF-9DFE-99A945EFB947}.Release|Any CPU.ActiveCfg = Release|Any CPU
		{5255766A-1B20-43CF-9DFE-99A945EFB947}.Release|Any CPU.Build.0 = Release|Any CPU
		{8B8D92D2-3C6F-351C-5067-5E9EB8CA81FC}.Debug|Any CPU.ActiveCfg = Debug|Any CPU
		{8B8D92D2-3C6F-351C-5067-5E9EB8CA81FC}.Debug|Any CPU.Build.0 = Debug|Any CPU
		{8B8D92D2-3C6F-351C-5067-5E9EB8CA81FC}.Release|Any CPU.ActiveCfg = Release|Any CPU
		{8B8D92D2-3C6F-351C-5067-5E9EB8CA81FC}.Release|Any CPU.Build.0 = Release|Any CPU
		{D6FE4628-FB34-4BCF-AA4E-F0666A2F58A2}.Debug|Any CPU.ActiveCfg = Debug|Any CPU
		{D6FE4628-FB34-4BCF-AA4E-F0666A2F58A2}.Debug|Any CPU.Build.0 = Debug|Any CPU
		{D6FE4628-FB34-4BCF-AA4E-F0666A2F58A2}.Release|Any CPU.ActiveCfg = Release|Any CPU
		{D6FE4628-FB34-4BCF-AA4E-F0666A2F58A2}.Release|Any CPU.Build.0 = Release|Any CPU
		{81BA4116-C2FB-4195-8051-0BFC50F0F521}.Debug|Any CPU.ActiveCfg = Debug|Any CPU
		{81BA4116-C2FB-4195-8051-0BFC50F0F521}.Debug|Any CPU.Build.0 = Debug|Any CPU
		{81BA4116-C2FB-4195-8051-0BFC50F0F521}.Release|Any CPU.ActiveCfg = Release|Any CPU
		{81BA4116-C2FB-4195-8051-0BFC50F0F521}.Release|Any CPU.Build.0 = Release|Any CPU
		{1371E024-BBB5-42A9-9487-0AB94DA34D50}.Debug|Any CPU.ActiveCfg = Debug|Any CPU
		{1371E024-BBB5-42A9-9487-0AB94DA34D50}.Debug|Any CPU.Build.0 = Debug|Any CPU
		{1371E024-BBB5-42A9-9487-0AB94DA34D50}.Release|Any CPU.ActiveCfg = Release|Any CPU
		{1371E024-BBB5-42A9-9487-0AB94DA34D50}.Release|Any CPU.Build.0 = Release|Any CPU
		{1F3160F6-306A-43D6-94EC-199775733636}.Debug|Any CPU.ActiveCfg = Debug|Any CPU
		{1F3160F6-306A-43D6-94EC-199775733636}.Debug|Any CPU.Build.0 = Debug|Any CPU
		{1F3160F6-306A-43D6-94EC-199775733636}.Release|Any CPU.ActiveCfg = Release|Any CPU
		{1F3160F6-306A-43D6-94EC-199775733636}.Release|Any CPU.Build.0 = Release|Any CPU
		{6DB467A6-792E-4DD8-B1E2-861608D48085}.Debug|Any CPU.ActiveCfg = Debug|Any CPU
		{6DB467A6-792E-4DD8-B1E2-861608D48085}.Debug|Any CPU.Build.0 = Debug|Any CPU
		{6DB467A6-792E-4DD8-B1E2-861608D48085}.Release|Any CPU.ActiveCfg = Release|Any CPU
		{6DB467A6-792E-4DD8-B1E2-861608D48085}.Release|Any CPU.Build.0 = Release|Any CPU
		{B58D34D5-9DCB-4F35-B0EB-E6A5E3F25E19}.Debug|Any CPU.ActiveCfg = Debug|Any CPU
		{B58D34D5-9DCB-4F35-B0EB-E6A5E3F25E19}.Debug|Any CPU.Build.0 = Debug|Any CPU
		{B58D34D5-9DCB-4F35-B0EB-E6A5E3F25E19}.Release|Any CPU.ActiveCfg = Release|Any CPU
		{B58D34D5-9DCB-4F35-B0EB-E6A5E3F25E19}.Release|Any CPU.Build.0 = Release|Any CPU
		{6E83C90A-4CDC-47B6-8A86-F94E15595713}.Debug|Any CPU.ActiveCfg = Debug|Any CPU
		{6E83C90A-4CDC-47B6-8A86-F94E15595713}.Debug|Any CPU.Build.0 = Debug|Any CPU
		{6E83C90A-4CDC-47B6-8A86-F94E15595713}.Release|Any CPU.ActiveCfg = Release|Any CPU
		{6E83C90A-4CDC-47B6-8A86-F94E15595713}.Release|Any CPU.Build.0 = Release|Any CPU
		{D973835E-D459-4E57-990A-026996A33877}.Debug|Any CPU.ActiveCfg = Debug|Any CPU
		{D973835E-D459-4E57-990A-026996A33877}.Debug|Any CPU.Build.0 = Debug|Any CPU
		{D973835E-D459-4E57-990A-026996A33877}.Release|Any CPU.ActiveCfg = Release|Any CPU
		{D973835E-D459-4E57-990A-026996A33877}.Release|Any CPU.Build.0 = Release|Any CPU
		{610BBCA9-4100-44AE-B0F0-A2C91E60517A}.Debug|Any CPU.ActiveCfg = Debug|Any CPU
		{610BBCA9-4100-44AE-B0F0-A2C91E60517A}.Debug|Any CPU.Build.0 = Debug|Any CPU
		{610BBCA9-4100-44AE-B0F0-A2C91E60517A}.Release|Any CPU.ActiveCfg = Release|Any CPU
		{610BBCA9-4100-44AE-B0F0-A2C91E60517A}.Release|Any CPU.Build.0 = Release|Any CPU
		{3F5150EC-4508-4C56-BA50-7015E90216E7}.Debug|Any CPU.ActiveCfg = Debug|Any CPU
		{3F5150EC-4508-4C56-BA50-7015E90216E7}.Debug|Any CPU.Build.0 = Debug|Any CPU
		{3F5150EC-4508-4C56-BA50-7015E90216E7}.Release|Any CPU.ActiveCfg = Release|Any CPU
		{3F5150EC-4508-4C56-BA50-7015E90216E7}.Release|Any CPU.Build.0 = Release|Any CPU
		{9C98772B-0B80-41A0-90D0-F0E07AAC3BB7}.Debug|Any CPU.ActiveCfg = Debug|Any CPU
		{9C98772B-0B80-41A0-90D0-F0E07AAC3BB7}.Debug|Any CPU.Build.0 = Debug|Any CPU
		{9C98772B-0B80-41A0-90D0-F0E07AAC3BB7}.Release|Any CPU.ActiveCfg = Release|Any CPU
		{9C98772B-0B80-41A0-90D0-F0E07AAC3BB7}.Release|Any CPU.Build.0 = Release|Any CPU
		{42864903-0DC8-4344-9ED9-6820434D0F02}.Debug|Any CPU.ActiveCfg = Debug|Any CPU
		{42864903-0DC8-4344-9ED9-6820434D0F02}.Debug|Any CPU.Build.0 = Debug|Any CPU
		{42864903-0DC8-4344-9ED9-6820434D0F02}.Release|Any CPU.ActiveCfg = Release|Any CPU
		{42864903-0DC8-4344-9ED9-6820434D0F02}.Release|Any CPU.Build.0 = Release|Any CPU
		{D24B3E67-5C57-4051-B544-2E1A9EEA752D}.Debug|Any CPU.ActiveCfg = Debug|Any CPU
		{D24B3E67-5C57-4051-B544-2E1A9EEA752D}.Debug|Any CPU.Build.0 = Debug|Any CPU
		{D24B3E67-5C57-4051-B544-2E1A9EEA752D}.Release|Any CPU.ActiveCfg = Release|Any CPU
		{D24B3E67-5C57-4051-B544-2E1A9EEA752D}.Release|Any CPU.Build.0 = Release|Any CPU
		{B3AA95C6-5716-4DE8-B96D-B220EDA103C6}.Debug|Any CPU.ActiveCfg = Debug|Any CPU
		{B3AA95C6-5716-4DE8-B96D-B220EDA103C6}.Debug|Any CPU.Build.0 = Debug|Any CPU
		{B3AA95C6-5716-4DE8-B96D-B220EDA103C6}.Release|Any CPU.ActiveCfg = Release|Any CPU
		{B3AA95C6-5716-4DE8-B96D-B220EDA103C6}.Release|Any CPU.Build.0 = Release|Any CPU
		{66295459-FD79-461F-A285-AC43A801F456}.Debug|Any CPU.ActiveCfg = Debug|Any CPU
		{66295459-FD79-461F-A285-AC43A801F456}.Debug|Any CPU.Build.0 = Debug|Any CPU
		{66295459-FD79-461F-A285-AC43A801F456}.Release|Any CPU.ActiveCfg = Release|Any CPU
		{66295459-FD79-461F-A285-AC43A801F456}.Release|Any CPU.Build.0 = Release|Any CPU
		{7250A28F-C3D0-4BCA-91AE-9860EC0C1E16}.Debug|Any CPU.ActiveCfg = Debug|Any CPU
		{7250A28F-C3D0-4BCA-91AE-9860EC0C1E16}.Debug|Any CPU.Build.0 = Debug|Any CPU
		{7250A28F-C3D0-4BCA-91AE-9860EC0C1E16}.Release|Any CPU.ActiveCfg = Release|Any CPU
		{7250A28F-C3D0-4BCA-91AE-9860EC0C1E16}.Release|Any CPU.Build.0 = Release|Any CPU
		{06AA5820-2AD3-4471-A17C-9872397FF687}.Debug|Any CPU.ActiveCfg = Debug|Any CPU
		{06AA5820-2AD3-4471-A17C-9872397FF687}.Debug|Any CPU.Build.0 = Debug|Any CPU
		{06AA5820-2AD3-4471-A17C-9872397FF687}.Release|Any CPU.ActiveCfg = Release|Any CPU
		{06AA5820-2AD3-4471-A17C-9872397FF687}.Release|Any CPU.Build.0 = Release|Any CPU
	EndGlobalSection
	GlobalSection(SolutionProperties) = preSolution
		HideSolutionNode = FALSE
	EndGlobalSection
	GlobalSection(NestedProjects) = preSolution
		{9C98772B-0B80-41A0-90D0-F0E07AAC3BB7} = {BE0095A0-CDEF-43EC-9ABE-A3847EA4C701}
		{02EA681E-C7D8-13C7-8484-4AC65E1B71E8} = {CFA3CF18-1A88-4078-A240-2BCC44C538B5}
		{BE0095A0-CDEF-43EC-9ABE-A3847EA4C701} = {CFA3CF18-1A88-4078-A240-2BCC44C538B5}
		{7971A750-9E32-4939-8CB4-4A97F8F22EF3} = {CFA3CF18-1A88-4078-A240-2BCC44C538B5}
		{D24B3E67-5C57-4051-B544-2E1A9EEA752D} = {7971A750-9E32-4939-8CB4-4A97F8F22EF3}
		{B3AA95C6-5716-4DE8-B96D-B220EDA103C6} = {02EA681E-C7D8-13C7-8484-4AC65E1B71E8}
		{7250A28F-C3D0-4BCA-91AE-9860EC0C1E16} = {8C256290-0398-4BCC-B77A-38EA9AD88B4B}
		{8C256290-0398-4BCC-B77A-38EA9AD88B4B} = {D09FC3F1-D2E9-463C-A75C-F3D738B5B0B0}
		{06AA5820-2AD3-4471-A17C-9872397FF687} = {D09FC3F1-D2E9-463C-A75C-F3D738B5B0B0}
	EndGlobalSection
	GlobalSection(ExtensibilityGlobals) = postSolution
		SolutionGuid = {5A8F51EB-A5DD-44B8-8C65-BCB5448B8F3B}
	EndGlobalSection
EndGlobal
